// !$*UTF8*$!
{
	archiveVersion = 1;
	classes = {
	};
	objectVersion = 56;
	objects = {

/* Begin PBXBuildFile section */
		6416D16329DA14C2009EC5DE /* NotesApp.swift in Sources */ = {isa = PBXBuildFile; fileRef = 6416D16229DA14C2009EC5DE /* NotesApp.swift */; };
		6416D16529DA14C2009EC5DE /* ContentView.swift in Sources */ = {isa = PBXBuildFile; fileRef = 6416D16429DA14C2009EC5DE /* ContentView.swift */; };
		6416D16729DA14C3009EC5DE /* Assets.xcassets in Resources */ = {isa = PBXBuildFile; fileRef = 6416D16629DA14C3009EC5DE /* Assets.xcassets */; };
		6416D16A29DA14C3009EC5DE /* Preview Assets.xcassets in Resources */ = {isa = PBXBuildFile; fileRef = 6416D16929DA14C3009EC5DE /* Preview Assets.xcassets */; };
		6416D17129DA1786009EC5DE /* GoogleService-Info.plist in Resources */ = {isa = PBXBuildFile; fileRef = 6416D17029DA1786009EC5DE /* GoogleService-Info.plist */; };
		6416D17429DA186E009EC5DE /* FirebaseAnalytics in Frameworks */ = {isa = PBXBuildFile; productRef = 6416D17329DA186E009EC5DE /* FirebaseAnalytics */; };
		6416D17629DA186E009EC5DE /* FirebaseFirestore in Frameworks */ = {isa = PBXBuildFile; productRef = 6416D17529DA186E009EC5DE /* FirebaseFirestore */; };
		6416D17829DA186E009EC5DE /* FirebaseFirestoreSwift in Frameworks */ = {isa = PBXBuildFile; productRef = 6416D17729DA186E009EC5DE /* FirebaseFirestoreSwift */; };
		6416D17A29DA19A0009EC5DE /* NoteModel.swift in Sources */ = {isa = PBXBuildFile; fileRef = 6416D17929DA19A0009EC5DE /* NoteModel.swift */; };
		6416D17C29DA1A64009EC5DE /* NoteViewModel.swift in Sources */ = {isa = PBXBuildFile; fileRef = 6416D17B29DA1A64009EC5DE /* NoteViewModel.swift */; };
		6416D17E29DA1C33009EC5DE /* NoteDetail.swift in Sources */ = {isa = PBXBuildFile; fileRef = 6416D17D29DA1C33009EC5DE /* NoteDetail.swift */; };
		64761F6529DA5BCD0052E2D5 /* AuthView.swift in Sources */ = {isa = PBXBuildFile; fileRef = 64761F6429DA5BCC0052E2D5 /* AuthView.swift */; };
		64761F6A29DA60C70052E2D5 /* FirebaseAuth in Frameworks */ = {isa = PBXBuildFile; productRef = 64761F6929DA60C70052E2D5 /* FirebaseAuth */; };
/* End PBXBuildFile section */

/* Begin PBXFileReference section */
		6416D15F29DA14C2009EC5DE /* Notes.app */ = {isa = PBXFileReference; explicitFileType = wrapper.application; includeInIndex = 0; path = Notes.app; sourceTree = BUILT_PRODUCTS_DIR; };
		6416D16229DA14C2009EC5DE /* NotesApp.swift */ = {isa = PBXFileReference; lastKnownFileType = sourcecode.swift; path = NotesApp.swift; sourceTree = "<group>"; };
		6416D16429DA14C2009EC5DE /* ContentView.swift */ = {isa = PBXFileReference; lastKnownFileType = sourcecode.swift; path = ContentView.swift; sourceTree = "<group>"; };
		6416D16629DA14C3009EC5DE /* Assets.xcassets */ = {isa = PBXFileReference; lastKnownFileType = folder.assetcatalog; path = Assets.xcassets; sourceTree = "<group>"; };
		6416D16929DA14C3009EC5DE /* Preview Assets.xcassets */ = {isa = PBXFileReference; lastKnownFileType = folder.assetcatalog; path = "Preview Assets.xcassets"; sourceTree = "<group>"; };
		6416D17029DA1786009EC5DE /* GoogleService-Info.plist */ = {isa = PBXFileReference; fileEncoding = 4; lastKnownFileType = text.plist.xml; path = "GoogleService-Info.plist"; sourceTree = "<group>"; };
		6416D17929DA19A0009EC5DE /* NoteModel.swift */ = {isa = PBXFileReference; lastKnownFileType = sourcecode.swift; path = NoteModel.swift; sourceTree = "<group>"; };
		6416D17B29DA1A64009EC5DE /* NoteViewModel.swift */ = {isa = PBXFileReference; lastKnownFileType = sourcecode.swift; path = NoteViewModel.swift; sourceTree = "<group>"; };
		6416D17D29DA1C33009EC5DE /* NoteDetail.swift */ = {isa = PBXFileReference; lastKnownFileType = sourcecode.swift; path = NoteDetail.swift; sourceTree = "<group>"; };
		64761F6429DA5BCC0052E2D5 /* AuthView.swift */ = {isa = PBXFileReference; lastKnownFileType = sourcecode.swift; path = AuthView.swift; sourceTree = "<group>"; };
/* End PBXFileReference section */

/* Begin PBXFrameworksBuildPhase section */
		6416D15C29DA14C2009EC5DE /* Frameworks */ = {
			isa = PBXFrameworksBuildPhase;
			buildActionMask = 2147483647;
			files = (
				6416D17429DA186E009EC5DE /* FirebaseAnalytics in Frameworks */,
				6416D17629DA186E009EC5DE /* FirebaseFirestore in Frameworks */,
				6416D17829DA186E009EC5DE /* FirebaseFirestoreSwift in Frameworks */,
				64761F6A29DA60C70052E2D5 /* FirebaseAuth in Frameworks */,
			);
			runOnlyForDeploymentPostprocessing = 0;
		};
/* End PBXFrameworksBuildPhase section */

/* Begin PBXGroup section */
		6416D15629DA14C2009EC5DE = {
			isa = PBXGroup;
			children = (
				6416D16129DA14C2009EC5DE /* Notes */,
				6416D16029DA14C2009EC5DE /* Products */,
				64761F6829DA60C70052E2D5 /* Frameworks */,
			);
			sourceTree = "<group>";
		};
		6416D16029DA14C2009EC5DE /* Products */ = {
			isa = PBXGroup;
			children = (
				6416D15F29DA14C2009EC5DE /* Notes.app */,
			);
			name = Products;
			sourceTree = "<group>";
		};
		6416D16129DA14C2009EC5DE /* Notes */ = {
			isa = PBXGroup;
			children = (
				6416D17029DA1786009EC5DE /* GoogleService-Info.plist */,
				6416D17929DA19A0009EC5DE /* NoteModel.swift */,
				6416D17B29DA1A64009EC5DE /* NoteViewModel.swift */,
				6416D16429DA14C2009EC5DE /* ContentView.swift */,
				6416D17D29DA1C33009EC5DE /* NoteDetail.swift */,
				64761F6429DA5BCC0052E2D5 /* AuthView.swift */,
				6416D16229DA14C2009EC5DE /* NotesApp.swift */,
				6416D16629DA14C3009EC5DE /* Assets.xcassets */,
				6416D16829DA14C3009EC5DE /* Preview Content */,
			);
			path = Notes;
			sourceTree = "<group>";
		};
		6416D16829DA14C3009EC5DE /* Preview Content */ = {
			isa = PBXGroup;
			children = (
				6416D16929DA14C3009EC5DE /* Preview Assets.xcassets */,
			);
			path = "Preview Content";
			sourceTree = "<group>";
		};
		64761F6829DA60C70052E2D5 /* Frameworks */ = {
			isa = PBXGroup;
			children = (
			);
			name = Frameworks;
			sourceTree = "<group>";
		};
/* End PBXGroup section */

/* Begin PBXNativeTarget section */
		6416D15E29DA14C2009EC5DE /* Notes */ = {
			isa = PBXNativeTarget;
			buildConfigurationList = 6416D16D29DA14C3009EC5DE /* Build configuration list for PBXNativeTarget "Notes" */;
			buildPhases = (
				6416D15B29DA14C2009EC5DE /* Sources */,
				6416D15C29DA14C2009EC5DE /* Frameworks */,
				6416D15D29DA14C2009EC5DE /* Resources */,
			);
			buildRules = (
			);
			dependencies = (
			);
			name = Notes;
			packageProductDependencies = (
				6416D17329DA186E009EC5DE /* FirebaseAnalytics */,
				6416D17529DA186E009EC5DE /* FirebaseFirestore */,
				6416D17729DA186E009EC5DE /* FirebaseFirestoreSwift */,
				64761F6929DA60C70052E2D5 /* FirebaseAuth */,
			);
			productName = Notes;
			productReference = 6416D15F29DA14C2009EC5DE /* Notes.app */;
			productType = "com.apple.product-type.application";
		};
/* End PBXNativeTarget section */

/* Begin PBXProject section */
		6416D15729DA14C2009EC5DE /* Project object */ = {
			isa = PBXProject;
			attributes = {
				BuildIndependentTargetsInParallel = 1;
				LastSwiftUpdateCheck = 1430;
				LastUpgradeCheck = 1430;
				TargetAttributes = {
					6416D15E29DA14C2009EC5DE = {
						CreatedOnToolsVersion = 14.3;
					};
				};
			};
			buildConfigurationList = 6416D15A29DA14C2009EC5DE /* Build configuration list for PBXProject "Notes" */;
			compatibilityVersion = "Xcode 14.0";
			developmentRegion = en;
			hasScannedForEncodings = 0;
			knownRegions = (
				en,
				Base,
			);
			mainGroup = 6416D15629DA14C2009EC5DE;
			packageReferences = (
				6416D17229DA186E009EC5DE /* XCRemoteSwiftPackageReference "firebase-ios-sdk" */,
			);
			productRefGroup = 6416D16029DA14C2009EC5DE /* Products */;
			projectDirPath = "";
			projectRoot = "";
			targets = (
				6416D15E29DA14C2009EC5DE /* Notes */,
			);
		};
/* End PBXProject section */

/* Begin PBXResourcesBuildPhase section */
		6416D15D29DA14C2009EC5DE /* Resources */ = {
			isa = PBXResourcesBuildPhase;
			buildActionMask = 2147483647;
			files = (
				6416D16A29DA14C3009EC5DE /* Preview Assets.xcassets in Resources */,
				6416D16729DA14C3009EC5DE /* Assets.xcassets in Resources */,
				6416D17129DA1786009EC5DE /* GoogleService-Info.plist in Resources */,
			);
			runOnlyForDeploymentPostprocessing = 0;
		};
/* End PBXResourcesBuildPhase section */

/* Begin PBXSourcesBuildPhase section */
		6416D15B29DA14C2009EC5DE /* Sources */ = {
			isa = PBXSourcesBuildPhase;
			buildActionMask = 2147483647;
			files = (
				64761F6529DA5BCD0052E2D5 /* AuthView.swift in Sources */,
				6416D17C29DA1A64009EC5DE /* NoteViewModel.swift in Sources */,
				6416D16529DA14C2009EC5DE /* ContentView.swift in Sources */,
				6416D17A29DA19A0009EC5DE /* NoteModel.swift in Sources */,
				6416D16329DA14C2009EC5DE /* NotesApp.swift in Sources */,
				6416D17E29DA1C33009EC5DE /* NoteDetail.swift in Sources */,
			);
			runOnlyForDeploymentPostprocessing = 0;
		};
/* End PBXSourcesBuildPhase section */

/* Begin XCBuildConfiguration section */
		6416D16B29DA14C3009EC5DE /* Debug */ = {
			isa = XCBuildConfiguration;
			buildSettings = {
				ALWAYS_SEARCH_USER_PATHS = NO;
				CLANG_ANALYZER_NONNULL = YES;
				CLANG_ANALYZER_NUMBER_OBJECT_CONVERSION = YES_AGGRESSIVE;
				CLANG_CXX_LANGUAGE_STANDARD = "gnu++20";
				CLANG_ENABLE_MODULES = YES;
				CLANG_ENABLE_OBJC_ARC = YES;
				CLANG_ENABLE_OBJC_WEAK = YES;
				CLANG_WARN_BLOCK_CAPTURE_AUTORELEASING = YES;
				CLANG_WARN_BOOL_CONVERSION = YES;
				CLANG_WARN_COMMA = YES;
				CLANG_WARN_CONSTANT_CONVERSION = YES;
				CLANG_WARN_DEPRECATED_OBJC_IMPLEMENTATIONS = YES;
				CLANG_WARN_DIRECT_OBJC_ISA_USAGE = YES_ERROR;
				CLANG_WARN_DOCUMENTATION_COMMENTS = YES;
				CLANG_WARN_EMPTY_BODY = YES;
				CLANG_WARN_ENUM_CONVERSION = YES;
				CLANG_WARN_INFINITE_RECURSION = YES;
				CLANG_WARN_INT_CONVERSION = YES;
				CLANG_WARN_NON_LITERAL_NULL_CONVERSION = YES;
				CLANG_WARN_OBJC_IMPLICIT_RETAIN_SELF = YES;
				CLANG_WARN_OBJC_LITERAL_CONVERSION = YES;
				CLANG_WARN_OBJC_ROOT_CLASS = YES_ERROR;
				CLANG_WARN_QUOTED_INCLUDE_IN_FRAMEWORK_HEADER = YES;
				CLANG_WARN_RANGE_LOOP_ANALYSIS = YES;
				CLANG_WARN_STRICT_PROTOTYPES = YES;
				CLANG_WARN_SUSPICIOUS_MOVE = YES;
				CLANG_WARN_UNGUARDED_AVAILABILITY = YES_AGGRESSIVE;
				CLANG_WARN_UNREACHABLE_CODE = YES;
				CLANG_WARN__DUPLICATE_METHOD_MATCH = YES;
				COPY_PHASE_STRIP = NO;
				DEBUG_INFORMATION_FORMAT = dwarf;
				ENABLE_STRICT_OBJC_MSGSEND = YES;
				ENABLE_TESTABILITY = YES;
				GCC_C_LANGUAGE_STANDARD = gnu11;
				GCC_DYNAMIC_NO_PIC = NO;
				GCC_NO_COMMON_BLOCKS = YES;
				GCC_OPTIMIZATION_LEVEL = 0;
				GCC_PREPROCESSOR_DEFINITIONS = (
					"DEBUG=1",
					"$(inherited)",
				);
				GCC_WARN_64_TO_32_BIT_CONVERSION = YES;
				GCC_WARN_ABOUT_RETURN_TYPE = YES_ERROR;
				GCC_WARN_UNDECLARED_SELECTOR = YES;
				GCC_WARN_UNINITIALIZED_AUTOS = YES_AGGRESSIVE;
				GCC_WARN_UNUSED_FUNCTION = YES;
				GCC_WARN_UNUSED_VARIABLE = YES;
				IPHONEOS_DEPLOYMENT_TARGET = 16.4;
				MTL_ENABLE_DEBUG_INFO = INCLUDE_SOURCE;
				MTL_FAST_MATH = YES;
				ONLY_ACTIVE_ARCH = YES;
				SDKROOT = iphoneos;
				SWIFT_ACTIVE_COMPILATION_CONDITIONS = DEBUG;
				SWIFT_OPTIMIZATION_LEVEL = "-Onone";
			};
			name = Debug;
		};
		6416D16C29DA14C3009EC5DE /* Release */ = {
			isa = XCBuildConfiguration;
			buildSettings = {
				ALWAYS_SEARCH_USER_PATHS = NO;
				CLANG_ANALYZER_NONNULL = YES;
				CLANG_ANALYZER_NUMBER_OBJECT_CONVERSION = YES_AGGRESSIVE;
				CLANG_CXX_LANGUAGE_STANDARD = "gnu++20";
				CLANG_ENABLE_MODULES = YES;
				CLANG_ENABLE_OBJC_ARC = YES;
				CLANG_ENABLE_OBJC_WEAK = YES;
				CLANG_WARN_BLOCK_CAPTURE_AUTORELEASING = YES;
				CLANG_WARN_BOOL_CONVERSION = YES;
				CLANG_WARN_COMMA = YES;
				CLANG_WARN_CONSTANT_CONVERSION = YES;
				CLANG_WARN_DEPRECATED_OBJC_IMPLEMENTATIONS = YES;
				CLANG_WARN_DIRECT_OBJC_ISA_USAGE = YES_ERROR;
				CLANG_WARN_DOCUMENTATION_COMMENTS = YES;
				CLANG_WARN_EMPTY_BODY = YES;
				CLANG_WARN_ENUM_CONVERSION = YES;
				CLANG_WARN_INFINITE_RECURSION = YES;
				CLANG_WARN_INT_CONVERSION = YES;
				CLANG_WARN_NON_LITERAL_NULL_CONVERSION = YES;
				CLANG_WARN_OBJC_IMPLICIT_RETAIN_SELF = YES;
				CLANG_WARN_OBJC_LITERAL_CONVERSION = YES;
				CLANG_WARN_OBJC_ROOT_CLASS = YES_ERROR;
				CLANG_WARN_QUOTED_INCLUDE_IN_FRAMEWORK_HEADER = YES;
				CLANG_WARN_RANGE_LOOP_ANALYSIS = YES;
				CLANG_WARN_STRICT_PROTOTYPES = YES;
				CLANG_WARN_SUSPICIOUS_MOVE = YES;
				CLANG_WARN_UNGUARDED_AVAILABILITY = YES_AGGRESSIVE;
				CLANG_WARN_UNREACHABLE_CODE = YES;
				CLANG_WARN__DUPLICATE_METHOD_MATCH = YES;
				COPY_PHASE_STRIP = NO;
				DEBUG_INFORMATION_FORMAT = "dwarf-with-dsym";
				ENABLE_NS_ASSERTIONS = NO;
				ENABLE_STRICT_OBJC_MSGSEND = YES;
				GCC_C_LANGUAGE_STANDARD = gnu11;
				GCC_NO_COMMON_BLOCKS = YES;
				GCC_WARN_64_TO_32_BIT_CONVERSION = YES;
				GCC_WARN_ABOUT_RETURN_TYPE = YES_ERROR;
				GCC_WARN_UNDECLARED_SELECTOR = YES;
				GCC_WARN_UNINITIALIZED_AUTOS = YES_AGGRESSIVE;
				GCC_WARN_UNUSED_FUNCTION = YES;
				GCC_WARN_UNUSED_VARIABLE = YES;
				IPHONEOS_DEPLOYMENT_TARGET = 16.4;
				MTL_ENABLE_DEBUG_INFO = NO;
				MTL_FAST_MATH = YES;
				SDKROOT = iphoneos;
				SWIFT_COMPILATION_MODE = wholemodule;
				SWIFT_OPTIMIZATION_LEVEL = "-O";
				VALIDATE_PRODUCT = YES;
			};
			name = Release;
		};
		6416D16E29DA14C3009EC5DE /* Debug */ = {
			isa = XCBuildConfiguration;
			buildSettings = {
				ASSETCATALOG_COMPILER_APPICON_NAME = AppIcon;
				ASSETCATALOG_COMPILER_GLOBAL_ACCENT_COLOR_NAME = AccentColor;
				CODE_SIGN_STYLE = Automatic;
				CURRENT_PROJECT_VERSION = 1;
				DEVELOPMENT_ASSET_PATHS = "\"Notes/Preview Content\"";
				ENABLE_PREVIEWS = YES;
				GENERATE_INFOPLIST_FILE = YES;
				INFOPLIST_KEY_UIApplicationSceneManifest_Generation = YES;
				INFOPLIST_KEY_UIApplicationSupportsIndirectInputEvents = YES;
				INFOPLIST_KEY_UILaunchScreen_Generation = YES;
				INFOPLIST_KEY_UISupportedInterfaceOrientations_iPad = "UIInterfaceOrientationPortrait UIInterfaceOrientationPortraitUpsideDown UIInterfaceOrientationLandscapeLeft UIInterfaceOrientationLandscapeRight";
				INFOPLIST_KEY_UISupportedInterfaceOrientations_iPhone = "UIInterfaceOrientationPortrait UIInterfaceOrientationLandscapeLeft UIInterfaceOrientationLandscapeRight";
				LD_RUNPATH_SEARCH_PATHS = (
					"$(inherited)",
					"@executable_path/Frameworks",
				);
				MARKETING_VERSION = 1.0;
				PRODUCT_BUNDLE_IDENTIFIER = edu.auburn.onlinecsse.Notes;
				PRODUCT_NAME = "$(TARGET_NAME)";
				SWIFT_EMIT_LOC_STRINGS = YES;
				SWIFT_VERSION = 5.0;
				TARGETED_DEVICE_FAMILY = "1,2";
			};
			name = Debug;
		};
		6416D16F29DA14C3009EC5DE /* Release */ = {
			isa = XCBuildConfiguration;
			buildSettings = {
				ASSETCATALOG_COMPILER_APPICON_NAME = AppIcon;
				ASSETCATALOG_COMPILER_GLOBAL_ACCENT_COLOR_NAME = AccentColor;
				CODE_SIGN_STYLE = Automatic;
				CURRENT_PROJECT_VERSION = 1;
				DEVELOPMENT_ASSET_PATHS = "\"Notes/Preview Content\"";
				ENABLE_PREVIEWS = YES;
				GENERATE_INFOPLIST_FILE = YES;
				INFOPLIST_KEY_UIApplicationSceneManifest_Generation = YES;
				INFOPLIST_KEY_UIApplicationSupportsIndirectInputEvents = YES;
				INFOPLIST_KEY_UILaunchScreen_Generation = YES;
				INFOPLIST_KEY_UISupportedInterfaceOrientations_iPad = "UIInterfaceOrientationPortrait UIInterfaceOrientationPortraitUpsideDown UIInterfaceOrientationLandscapeLeft UIInterfaceOrientationLandscapeRight";
				INFOPLIST_KEY_UISupportedInterfaceOrientations_iPhone = "UIInterfaceOrientationPortrait UIInterfaceOrientationLandscapeLeft UIInterfaceOrientationLandscapeRight";
				LD_RUNPATH_SEARCH_PATHS = (
					"$(inherited)",
					"@executable_path/Frameworks",
				);
				MARKETING_VERSION = 1.0;
				PRODUCT_BUNDLE_IDENTIFIER = edu.auburn.onlinecsse.Notes;
				PRODUCT_NAME = "$(TARGET_NAME)";
				SWIFT_EMIT_LOC_STRINGS = YES;
				SWIFT_VERSION = 5.0;
				TARGETED_DEVICE_FAMILY = "1,2";
			};
			name = Release;
		};
/* End XCBuildConfiguration section */

/* Begin XCConfigurationList section */
		6416D15A29DA14C2009EC5DE /* Build configuration list for PBXProject "Notes" */ = {
			isa = XCConfigurationList;
			buildConfigurations = (
				6416D16B29DA14C3009EC5DE /* Debug */,
				6416D16C29DA14C3009EC5DE /* Release */,
			);
			defaultConfigurationIsVisible = 0;
			defaultConfigurationName = Release;
		};
		6416D16D29DA14C3009EC5DE /* Build configuration list for PBXNativeTarget "Notes" */ = {
			isa = XCConfigurationList;
			buildConfigurations = (
				6416D16E29DA14C3009EC5DE /* Debug */,
				6416D16F29DA14C3009EC5DE /* Release */,
			);
			defaultConfigurationIsVisible = 0;
			defaultConfigurationName = Release;
		};
/* End XCConfigurationList section */

/* Begin XCRemoteSwiftPackageReference section */
		6416D17229DA186E009EC5DE /* XCRemoteSwiftPackageReference "firebase-ios-sdk" */ = {
			isa = XCRemoteSwiftPackageReference;
			repositoryURL = "https://github.com/firebase/firebase-ios-sdk";
			requirement = {
				kind = upToNextMajorVersion;
				minimumVersion = 10.0.0;
			};
		};
/* End XCRemoteSwiftPackageReference section */

/* Begin XCSwiftPackageProductDependency section */
		6416D17329DA186E009EC5DE /* FirebaseAnalytics */ = {
			isa = XCSwiftPackageProductDependency;
			package = 6416D17229DA186E009EC5DE /* XCRemoteSwiftPackageReference "firebase-ios-sdk" */;
			productName = FirebaseAnalytics;
		};
		6416D17529DA186E009EC5DE /* FirebaseFirestore */ = {
			isa = XCSwiftPackageProductDependency;
			package = 6416D17229DA186E009EC5DE /* XCRemoteSwiftPackageReference "firebase-ios-sdk" */;
			productName = FirebaseFirestore;
		};
		6416D17729DA186E009EC5DE /* FirebaseFirestoreSwift */ = {
			isa = XCSwiftPackageProductDependency;
			package = 6416D17229DA186E009EC5DE /* XCRemoteSwiftPackageReference "firebase-ios-sdk" */;
			productName = FirebaseFirestoreSwift;
		};
		64761F6929DA60C70052E2D5 /* FirebaseAuth */ = {
			isa = XCSwiftPackageProductDependency;
			package = 6416D17229DA186E009EC5DE /* XCRemoteSwiftPackageReference "firebase-ios-sdk" */;
			productName = FirebaseAuth;
		};
/* End XCSwiftPackageProductDependency section */
	};
	rootObject = 6416D15729DA14C2009EC5DE /* Project object */;
}
